// !$*UTF8*$!
{
	archiveVersion = 1;
	classes = {
	};
	objectVersion = 50;
	objects = {

/* Begin PBXBuildFile section */
		63B1FF7B2252673400FB382F /* AppDelegate.swift in Sources */ = {isa = PBXBuildFile; fileRef = 63B1FF7A2252673400FB382F /* AppDelegate.swift */; };
		63B1FF7D2252673400FB382F /* ViewController.swift in Sources */ = {isa = PBXBuildFile; fileRef = 63B1FF7C2252673400FB382F /* ViewController.swift */; };
		63B1FF802252673400FB382F /* Main.storyboard in Resources */ = {isa = PBXBuildFile; fileRef = 63B1FF7E2252673400FB382F /* Main.storyboard */; };
		63B1FF822252673400FB382F /* Assets.xcassets in Resources */ = {isa = PBXBuildFile; fileRef = 63B1FF812252673400FB382F /* Assets.xcassets */; };
		63B1FF852252673400FB382F /* LaunchScreen.storyboard in Resources */ = {isa = PBXBuildFile; fileRef = 63B1FF832252673400FB382F /* LaunchScreen.storyboard */; };
		63B1FF8B2252674600FB382F /* ITView.swift in Sources */ = {isa = PBXBuildFile; fileRef = 63B1FF8A2252674600FB382F /* ITView.swift */; };
		63D30EA32275A60D00DCE9C4 /* AppDelegate.swift in Sources */ = {isa = PBXBuildFile; fileRef = 63D30EA22275A60D00DCE9C4 /* AppDelegate.swift */; };
		63D30EA52275A60D00DCE9C4 /* ViewController.swift in Sources */ = {isa = PBXBuildFile; fileRef = 63D30EA42275A60D00DCE9C4 /* ViewController.swift */; };
		63D30EA82275A60D00DCE9C4 /* Main.storyboard in Resources */ = {isa = PBXBuildFile; fileRef = 63D30EA62275A60D00DCE9C4 /* Main.storyboard */; };
		63D30EAA2275A60E00DCE9C4 /* Assets.xcassets in Resources */ = {isa = PBXBuildFile; fileRef = 63D30EA92275A60E00DCE9C4 /* Assets.xcassets */; };
		63D30EAD2275A60E00DCE9C4 /* LaunchScreen.storyboard in Resources */ = {isa = PBXBuildFile; fileRef = 63D30EAB2275A60E00DCE9C4 /* LaunchScreen.storyboard */; };
		63D30EB32275A62500DCE9C4 /* ITAccount.swift in Sources */ = {isa = PBXBuildFile; fileRef = 63D30EB22275A62500DCE9C4 /* ITAccount.swift */; };
		6E6239171FDD35C5008834EC /* AppDelegate.swift in Sources */ = {isa = PBXBuildFile; fileRef = 6E6239161FDD35C5008834EC /* AppDelegate.swift */; };
		6E6239191FDD35C5008834EC /* ViewController.swift in Sources */ = {isa = PBXBuildFile; fileRef = 6E6239181FDD35C5008834EC /* ViewController.swift */; };
		6E62391C1FDD35C5008834EC /* Main.storyboard in Resources */ = {isa = PBXBuildFile; fileRef = 6E62391A1FDD35C5008834EC /* Main.storyboard */; };
		6E62391E1FDD35C5008834EC /* Assets.xcassets in Resources */ = {isa = PBXBuildFile; fileRef = 6E62391D1FDD35C5008834EC /* Assets.xcassets */; };
		6E6239211FDD35C5008834EC /* LaunchScreen.storyboard in Resources */ = {isa = PBXBuildFile; fileRef = 6E62391F1FDD35C5008834EC /* LaunchScreen.storyboard */; };
/* End PBXBuildFile section */

/* Begin PBXFileReference section */
		63B1FF782252673300FB382F /* demo.app */ = {isa = PBXFileReference; explicitFileType = wrapper.application; includeInIndex = 0; path = demo.app; sourceTree = BUILT_PRODUCTS_DIR; };
		63B1FF7A2252673400FB382F /* AppDelegate.swift */ = {isa = PBXFileReference; lastKnownFileType = sourcecode.swift; path = AppDelegate.swift; sourceTree = "<group>"; };
		63B1FF7C2252673400FB382F /* ViewController.swift */ = {isa = PBXFileReference; lastKnownFileType = sourcecode.swift; path = ViewController.swift; sourceTree = "<group>"; };
		63B1FF7F2252673400FB382F /* Base */ = {isa = PBXFileReference; lastKnownFileType = file.storyboard; name = Base; path = Base.lproj/Main.storyboard; sourceTree = "<group>"; };
		63B1FF812252673400FB382F /* Assets.xcassets */ = {isa = PBXFileReference; lastKnownFileType = folder.assetcatalog; path = Assets.xcassets; sourceTree = "<group>"; };
		63B1FF842252673400FB382F /* Base */ = {isa = PBXFileReference; lastKnownFileType = file.storyboard; name = Base; path = Base.lproj/LaunchScreen.storyboard; sourceTree = "<group>"; };
		63B1FF862252673400FB382F /* Info.plist */ = {isa = PBXFileReference; lastKnownFileType = text.plist.xml; path = Info.plist; sourceTree = "<group>"; };
		63B1FF8A2252674600FB382F /* ITView.swift */ = {isa = PBXFileReference; lastKnownFileType = sourcecode.swift; path = ITView.swift; sourceTree = "<group>"; };
		63D30EA02275A60D00DCE9C4 /* 取钱.app */ = {isa = PBXFileReference; explicitFileType = wrapper.application; includeInIndex = 0; path = "取钱.app"; sourceTree = BUILT_PRODUCTS_DIR; };
		63D30EA22275A60D00DCE9C4 /* AppDelegate.swift */ = {isa = PBXFileReference; lastKnownFileType = sourcecode.swift; path = AppDelegate.swift; sourceTree = "<group>"; };
		63D30EA42275A60D00DCE9C4 /* ViewController.swift */ = {isa = PBXFileReference; lastKnownFileType = sourcecode.swift; path = ViewController.swift; sourceTree = "<group>"; };
		63D30EA72275A60D00DCE9C4 /* Base */ = {isa = PBXFileReference; lastKnownFileType = file.storyboard; name = Base; path = Base.lproj/Main.storyboard; sourceTree = "<group>"; };
		63D30EA92275A60E00DCE9C4 /* Assets.xcassets */ = {isa = PBXFileReference; lastKnownFileType = folder.assetcatalog; path = Assets.xcassets; sourceTree = "<group>"; };
		63D30EAC2275A60E00DCE9C4 /* Base */ = {isa = PBXFileReference; lastKnownFileType = file.storyboard; name = Base; path = Base.lproj/LaunchScreen.storyboard; sourceTree = "<group>"; };
		63D30EAE2275A60E00DCE9C4 /* Info.plist */ = {isa = PBXFileReference; lastKnownFileType = text.plist.xml; path = Info.plist; sourceTree = "<group>"; };
		63D30EB22275A62500DCE9C4 /* ITAccount.swift */ = {isa = PBXFileReference; lastKnownFileType = sourcecode.swift; path = ITAccount.swift; sourceTree = "<group>"; };
		6E6239131FDD35C5008834EC /* 按钮的状态.app */ = {isa = PBXFileReference; explicitFileType = wrapper.application; includeInIndex = 0; path = "按钮的状态.app"; sourceTree = BUILT_PRODUCTS_DIR; };
		6E6239161FDD35C5008834EC /* AppDelegate.swift */ = {isa = PBXFileReference; lastKnownFileType = sourcecode.swift; path = AppDelegate.swift; sourceTree = "<group>"; };
		6E6239181FDD35C5008834EC /* ViewController.swift */ = {isa = PBXFileReference; lastKnownFileType = sourcecode.swift; path = ViewController.swift; sourceTree = "<group>"; };
		6E62391B1FDD35C5008834EC /* Base */ = {isa = PBXFileReference; lastKnownFileType = file.storyboard; name = Base; path = Base.lproj/Main.storyboard; sourceTree = "<group>"; };
		6E62391D1FDD35C5008834EC /* Assets.xcassets */ = {isa = PBXFileReference; lastKnownFileType = folder.assetcatalog; path = Assets.xcassets; sourceTree = "<group>"; };
		6E6239201FDD35C5008834EC /* Base */ = {isa = PBXFileReference; lastKnownFileType = file.storyboard; name = Base; path = Base.lproj/LaunchScreen.storyboard; sourceTree = "<group>"; };
		6E6239221FDD35C5008834EC /* Info.plist */ = {isa = PBXFileReference; lastKnownFileType = text.plist.xml; path = Info.plist; sourceTree = "<group>"; };
/* End PBXFileReference section */

/* Begin PBXFrameworksBuildPhase section */
		63B1FF752252673300FB382F /* Frameworks */ = {
			isa = PBXFrameworksBuildPhase;
			buildActionMask = 2147483647;
			files = (
			);
			runOnlyForDeploymentPostprocessing = 0;
		};
		63D30E9D2275A60C00DCE9C4 /* Frameworks */ = {
			isa = PBXFrameworksBuildPhase;
			buildActionMask = 2147483647;
			files = (
			);
			runOnlyForDeploymentPostprocessing = 0;
		};
		6E6239101FDD35C5008834EC /* Frameworks */ = {
			isa = PBXFrameworksBuildPhase;
			buildActionMask = 2147483647;
			files = (
			);
			runOnlyForDeploymentPostprocessing = 0;
		};
/* End PBXFrameworksBuildPhase section */

/* Begin PBXGroup section */
		63B1FF792252673400FB382F /* demo */ = {
			isa = PBXGroup;
			children = (
				63B1FF7A2252673400FB382F /* AppDelegate.swift */,
				63B1FF7C2252673400FB382F /* ViewController.swift */,
				63B1FF7E2252673400FB382F /* Main.storyboard */,
				63B1FF812252673400FB382F /* Assets.xcassets */,
				63B1FF832252673400FB382F /* LaunchScreen.storyboard */,
				63B1FF862252673400FB382F /* Info.plist */,
				63B1FF8A2252674600FB382F /* ITView.swift */,
			);
			path = demo;
			sourceTree = "<group>";
		};
		63D30EA12275A60D00DCE9C4 /* 取钱 */ = {
			isa = PBXGroup;
			children = (
				63D30EA22275A60D00DCE9C4 /* AppDelegate.swift */,
				63D30EA42275A60D00DCE9C4 /* ViewController.swift */,
				63D30EA62275A60D00DCE9C4 /* Main.storyboard */,
				63D30EA92275A60E00DCE9C4 /* Assets.xcassets */,
				63D30EAB2275A60E00DCE9C4 /* LaunchScreen.storyboard */,
				63D30EAE2275A60E00DCE9C4 /* Info.plist */,
				63D30EB22275A62500DCE9C4 /* ITAccount.swift */,
			);
			path = "取钱";
			sourceTree = "<group>";
		};
		6E62390A1FDD35C5008834EC = {
			isa = PBXGroup;
			children = (
				6E6239151FDD35C5008834EC /* 按钮的状态 */,
				63B1FF792252673400FB382F /* demo */,
				63D30EA12275A60D00DCE9C4 /* 取钱 */,
				6E6239141FDD35C5008834EC /* Products */,
			);
			sourceTree = "<group>";
		};
		6E6239141FDD35C5008834EC /* Products */ = {
			isa = PBXGroup;
			children = (
				6E6239131FDD35C5008834EC /* 按钮的状态.app */,
				63B1FF782252673300FB382F /* demo.app */,
				63D30EA02275A60D00DCE9C4 /* 取钱.app */,
			);
			name = Products;
			sourceTree = "<group>";
		};
		6E6239151FDD35C5008834EC /* 按钮的状态 */ = {
			isa = PBXGroup;
			children = (
				6E6239161FDD35C5008834EC /* AppDelegate.swift */,
				6E6239181FDD35C5008834EC /* ViewController.swift */,
				6E62391A1FDD35C5008834EC /* Main.storyboard */,
				6E62391D1FDD35C5008834EC /* Assets.xcassets */,
				6E62391F1FDD35C5008834EC /* LaunchScreen.storyboard */,
				6E6239221FDD35C5008834EC /* Info.plist */,
			);
			path = "按钮的状态";
			sourceTree = "<group>";
		};
/* End PBXGroup section */

/* Begin PBXNativeTarget section */
		63B1FF772252673300FB382F /* demo */ = {
			isa = PBXNativeTarget;
			buildConfigurationList = 63B1FF872252673400FB382F /* Build configuration list for PBXNativeTarget "demo" */;
			buildPhases = (
				63B1FF742252673300FB382F /* Sources */,
				63B1FF752252673300FB382F /* Frameworks */,
				63B1FF762252673300FB382F /* Resources */,
			);
			buildRules = (
			);
			dependencies = (
			);
			name = demo;
			productName = demo;
			productReference = 63B1FF782252673300FB382F /* demo.app */;
			productType = "com.apple.product-type.application";
		};
		63D30E9F2275A60C00DCE9C4 /* 取钱 */ = {
			isa = PBXNativeTarget;
			buildConfigurationList = 63D30EB12275A60E00DCE9C4 /* Build configuration list for PBXNativeTarget "取钱" */;
			buildPhases = (
				63D30E9C2275A60C00DCE9C4 /* Sources */,
				63D30E9D2275A60C00DCE9C4 /* Frameworks */,
				63D30E9E2275A60C00DCE9C4 /* Resources */,
			);
			buildRules = (
			);
			dependencies = (
			);
			name = "取钱";
			productName = "取钱";
			productReference = 63D30EA02275A60D00DCE9C4 /* 取钱.app */;
			productType = "com.apple.product-type.application";
		};
		6E6239121FDD35C5008834EC /* 按钮的状态 */ = {
			isa = PBXNativeTarget;
			buildConfigurationList = 6E6239251FDD35C5008834EC /* Build configuration list for PBXNativeTarget "按钮的状态" */;
			buildPhases = (
				6E62390F1FDD35C5008834EC /* Sources */,
				6E6239101FDD35C5008834EC /* Frameworks */,
				6E6239111FDD35C5008834EC /* Resources */,
			);
			buildRules = (
			);
			dependencies = (
			);
			name = "按钮的状态";
			productName = "按钮的状态";
			productReference = 6E6239131FDD35C5008834EC /* 按钮的状态.app */;
			productType = "com.apple.product-type.application";
		};
/* End PBXNativeTarget section */

/* Begin PBXProject section */
		6E62390B1FDD35C5008834EC /* Project object */ = {
			isa = PBXProject;
			attributes = {
				LastSwiftUpdateCheck = 1020;
				LastUpgradeCheck = 1020;
				ORGANIZATIONNAME = jyz;
				TargetAttributes = {
					63B1FF772252673300FB382F = {
						CreatedOnToolsVersion = 10.2;
					};
					63D30E9F2275A60C00DCE9C4 = {
						CreatedOnToolsVersion = 10.2.1;
					};
					6E6239121FDD35C5008834EC = {
						CreatedOnToolsVersion = 9.2;
						LastSwiftMigration = 1020;
						ProvisioningStyle = Automatic;
					};
				};
			};
			buildConfigurationList = 6E62390E1FDD35C5008834EC /* Build configuration list for PBXProject "按钮的状态" */;
			compatibilityVersion = "Xcode 9.3";
			developmentRegion = en;
			hasScannedForEncodings = 0;
			knownRegions = (
				en,
				Base,
			);
			mainGroup = 6E62390A1FDD35C5008834EC;
			productRefGroup = 6E6239141FDD35C5008834EC /* Products */;
			projectDirPath = "";
			projectRoot = "";
			targets = (
				6E6239121FDD35C5008834EC /* 按钮的状态 */,
				63B1FF772252673300FB382F /* demo */,
				63D30E9F2275A60C00DCE9C4 /* 取钱 */,
			);
		};
/* End PBXProject section */

/* Begin PBXResourcesBuildPhase section */
		63B1FF762252673300FB382F /* Resources */ = {
			isa = PBXResourcesBuildPhase;
			buildActionMask = 2147483647;
			files = (
				63B1FF852252673400FB382F /* LaunchScreen.storyboard in Resources */,
				63B1FF822252673400FB382F /* Assets.xcassets in Resources */,
				63B1FF802252673400FB382F /* Main.storyboard in Resources */,
			);
			runOnlyForDeploymentPostprocessing = 0;
		};
		63D30E9E2275A60C00DCE9C4 /* Resources */ = {
			isa = PBXResourcesBuildPhase;
			buildActionMask = 2147483647;
			files = (
				63D30EAD2275A60E00DCE9C4 /* LaunchScreen.storyboard in Resources */,
				63D30EAA2275A60E00DCE9C4 /* Assets.xcassets in Resources */,
				63D30EA82275A60D00DCE9C4 /* Main.storyboard in Resources */,
			);
			runOnlyForDeploymentPostprocessing = 0;
		};
		6E6239111FDD35C5008834EC /* Resources */ = {
			isa = PBXResourcesBuildPhase;
			buildActionMask = 2147483647;
			files = (
				6E6239211FDD35C5008834EC /* LaunchScreen.storyboard in Resources */,
				6E62391E1FDD35C5008834EC /* Assets.xcassets in Resources */,
				6E62391C1FDD35C5008834EC /* Main.storyboard in Resources */,
			);
			runOnlyForDeploymentPostprocessing = 0;
		};
/* End PBXResourcesBuildPhase section */

/* Begin PBXSourcesBuildPhase section */
		63B1FF742252673300FB382F /* Sources */ = {
			isa = PBXSourcesBuildPhase;
			buildActionMask = 2147483647;
			files = (
				63B1FF7D2252673400FB382F /* ViewController.swift in Sources */,
				63B1FF7B2252673400FB382F /* AppDelegate.swift in Sources */,
				63B1FF8B2252674600FB382F /* ITView.swift in Sources */,
			);
			runOnlyForDeploymentPostprocessing = 0;
		};
		63D30E9C2275A60C00DCE9C4 /* Sources */ = {
			isa = PBXSourcesBuildPhase;
			buildActionMask = 2147483647;
			files = (
				63D30EA52275A60D00DCE9C4 /* ViewController.swift in Sources */,
				63D30EB32275A62500DCE9C4 /* ITAccount.swift in Sources */,
				63D30EA32275A60D00DCE9C4 /* AppDelegate.swift in Sources */,
			);
			runOnlyForDeploymentPostprocessing = 0;
		};
		6E62390F1FDD35C5008834EC /* Sources */ = {
			isa = PBXSourcesBuildPhase;
			buildActionMask = 2147483647;
			files = (
				6E6239191FDD35C5008834EC /* ViewController.swift in Sources */,
				6E6239171FDD35C5008834EC /* AppDelegate.swift in Sources */,
			);
			runOnlyForDeploymentPostprocessing = 0;
		};
/* End PBXSourcesBuildPhase section */

/* Begin PBXVariantGroup section */
		63B1FF7E2252673400FB382F /* Main.storyboard */ = {
			isa = PBXVariantGroup;
			children = (
				63B1FF7F2252673400FB382F /* Base */,
			);
			name = Main.storyboard;
			sourceTree = "<group>";
		};
		63B1FF832252673400FB382F /* LaunchScreen.storyboard */ = {
			isa = PBXVariantGroup;
			children = (
				63B1FF842252673400FB382F /* Base */,
			);
			name = LaunchScreen.storyboard;
			sourceTree = "<group>";
		};
		63D30EA62275A60D00DCE9C4 /* Main.storyboard */ = {
			isa = PBXVariantGroup;
			children = (
				63D30EA72275A60D00DCE9C4 /* Base */,
			);
			name = Main.storyboard;
			sourceTree = "<group>";
		};
		63D30EAB2275A60E00DCE9C4 /* LaunchScreen.storyboard */ = {
			isa = PBXVariantGroup;
			children = (
				63D30EAC2275A60E00DCE9C4 /* Base */,
			);
			name = LaunchScreen.storyboard;
			sourceTree = "<group>";
		};
		6E62391A1FDD35C5008834EC /* Main.storyboard */ = {
			isa = PBXVariantGroup;
			children = (
				6E62391B1FDD35C5008834EC /* Base */,
			);
			name = Main.storyboard;
			sourceTree = "<group>";
		};
		6E62391F1FDD35C5008834EC /* LaunchScreen.storyboard */ = {
			isa = PBXVariantGroup;
			children = (
				6E6239201FDD35C5008834EC /* Base */,
			);
			name = LaunchScreen.storyboard;
			sourceTree = "<group>";
		};
/* End PBXVariantGroup section */

/* Begin XCBuildConfiguration section */
		63B1FF882252673400FB382F /* Debug */ = {
			isa = XCBuildConfiguration;
			buildSettings = {
				ASSETCATALOG_COMPILER_APPICON_NAME = AppIcon;
				CLANG_ENABLE_OBJC_WEAK = YES;
				CLANG_WARN_DEPRECATED_OBJC_IMPLEMENTATIONS = YES;
				CLANG_WARN_OBJC_IMPLICIT_RETAIN_SELF = YES;
				CODE_SIGN_STYLE = Automatic;
				DEVELOPMENT_TEAM = V9C6R6LR63;
				INFOPLIST_FILE = demo/Info.plist;
				IPHONEOS_DEPLOYMENT_TARGET = 12.2;
				LD_RUNPATH_SEARCH_PATHS = (
					"$(inherited)",
					"@executable_path/Frameworks",
				);
				MTL_ENABLE_DEBUG_INFO = INCLUDE_SOURCE;
				MTL_FAST_MATH = YES;
				PRODUCT_BUNDLE_IDENTIFIER = Anonymous.demo;
				PRODUCT_NAME = "$(TARGET_NAME)";
				SWIFT_VERSION = 5.0;
				TARGETED_DEVICE_FAMILY = "1,2";
			};
			name = Debug;
		};
		63B1FF892252673400FB382F /* Release */ = {
			isa = XCBuildConfiguration;
			buildSettings = {
				ASSETCATALOG_COMPILER_APPICON_NAME = AppIcon;
				CLANG_ENABLE_OBJC_WEAK = YES;
				CLANG_WARN_DEPRECATED_OBJC_IMPLEMENTATIONS = YES;
				CLANG_WARN_OBJC_IMPLICIT_RETAIN_SELF = YES;
				CODE_SIGN_STYLE = Automatic;
				DEVELOPMENT_TEAM = V9C6R6LR63;
				INFOPLIST_FILE = demo/Info.plist;
				IPHONEOS_DEPLOYMENT_TARGET = 12.2;
				LD_RUNPATH_SEARCH_PATHS = (
					"$(inherited)",
					"@executable_path/Frameworks",
				);
				MTL_FAST_MATH = YES;
				PRODUCT_BUNDLE_IDENTIFIER = Anonymous.demo;
				PRODUCT_NAME = "$(TARGET_NAME)";
				SWIFT_VERSION = 5.0;
				TARGETED_DEVICE_FAMILY = "1,2";
			};
			name = Release;
		};
		63D30EAF2275A60E00DCE9C4 /* Debug */ = {
			isa = XCBuildConfiguration;
			buildSettings = {
				ASSETCATALOG_COMPILER_APPICON_NAME = AppIcon;
				CLANG_ENABLE_OBJC_WEAK = YES;
				CODE_SIGN_STYLE = Automatic;
				DEVELOPMENT_TEAM = V9C6R6LR63;
				INFOPLIST_FILE = "取钱/Info.plist";
				IPHONEOS_DEPLOYMENT_TARGET = 12.2;
				LD_RUNPATH_SEARCH_PATHS = (
					"$(inherited)",
					"@executable_path/Frameworks",
				);
				MTL_ENABLE_DEBUG_INFO = INCLUDE_SOURCE;
				MTL_FAST_MATH = YES;
				PRODUCT_BUNDLE_IDENTIFIER = "Anonymous.--";
				PRODUCT_NAME = "$(TARGET_NAME)";
				SWIFT_VERSION = 5.0;
				TARGETED_DEVICE_FAMILY = "1,2";
			};
			name = Debug;
		};
		63D30EB02275A60E00DCE9C4 /* Release */ = {
			isa = XCBuildConfiguration;
			buildSettings = {
				ASSETCATALOG_COMPILER_APPICON_NAME = AppIcon;
				CLANG_ENABLE_OBJC_WEAK = YES;
				CODE_SIGN_STYLE = Automatic;
				DEVELOPMENT_TEAM = V9C6R6LR63;
				INFOPLIST_FILE = "取钱/Info.plist";
				IPHONEOS_DEPLOYMENT_TARGET = 12.2;
				LD_RUNPATH_SEARCH_PATHS = (
					"$(inherited)",
					"@executable_path/Frameworks",
				);
				MTL_FAST_MATH = YES;
				PRODUCT_BUNDLE_IDENTIFIER = "Anonymous.--";
				PRODUCT_NAME = "$(TARGET_NAME)";
				SWIFT_VERSION = 5.0;
				TARGETED_DEVICE_FAMILY = "1,2";
			};
			name = Release;
		};
		6E6239231FDD35C5008834EC /* Debug */ = {
			isa = XCBuildConfiguration;
			buildSettings = {
				ALWAYS_SEARCH_USER_PATHS = NO;
				CLANG_ANALYZER_NONNULL = YES;
				CLANG_ANALYZER_NUMBER_OBJECT_CONVERSION = YES_AGGRESSIVE;
				CLANG_CXX_LANGUAGE_STANDARD = "gnu++14";
				CLANG_CXX_LIBRARY = "libc++";
				CLANG_ENABLE_MODULES = YES;
				CLANG_ENABLE_OBJC_ARC = YES;
				CLANG_WARN_BLOCK_CAPTURE_AUTORELEASING = YES;
				CLANG_WARN_BOOL_CONVERSION = YES;
				CLANG_WARN_COMMA = YES;
				CLANG_WARN_CONSTANT_CONVERSION = YES;
				CLANG_WARN_DEPRECATED_OBJC_IMPLEMENTATIONS = YES;
				CLANG_WARN_DIRECT_OBJC_ISA_USAGE = YES_ERROR;
				CLANG_WARN_DOCUMENTATION_COMMENTS = YES;
				CLANG_WARN_EMPTY_BODY = YES;
				CLANG_WARN_ENUM_CONVERSION = YES;
				CLANG_WARN_INFINITE_RECURSION = YES;
				CLANG_WARN_INT_CONVERSION = YES;
				CLANG_WARN_NON_LITERAL_NULL_CONVERSION = YES;
				CLANG_WARN_OBJC_IMPLICIT_RETAIN_SELF = YES;
				CLANG_WARN_OBJC_LITERAL_CONVERSION = YES;
				CLANG_WARN_OBJC_ROOT_CLASS = YES_ERROR;
				CLANG_WARN_RANGE_LOOP_ANALYSIS = YES;
				CLANG_WARN_STRICT_PROTOTYPES = YES;
				CLANG_WARN_SUSPICIOUS_MOVE = YES;
				CLANG_WARN_UNGUARDED_AVAILABILITY = YES_AGGRESSIVE;
				CLANG_WARN_UNREACHABLE_CODE = YES;
				CLANG_WARN__DUPLICATE_METHOD_MATCH = YES;
				CODE_SIGN_IDENTITY = "iPhone Developer";
				COPY_PHASE_STRIP = NO;
				DEBUG_INFORMATION_FORMAT = dwarf;
				ENABLE_STRICT_OBJC_MSGSEND = YES;
				ENABLE_TESTABILITY = YES;
				GCC_C_LANGUAGE_STANDARD = gnu11;
				GCC_DYNAMIC_NO_PIC = NO;
				GCC_NO_COMMON_BLOCKS = YES;
				GCC_OPTIMIZATION_LEVEL = 0;
				GCC_PREPROCESSOR_DEFINITIONS = (
					"DEBUG=1",
					"$(inherited)",
				);
				GCC_WARN_64_TO_32_BIT_CONVERSION = YES;
				GCC_WARN_ABOUT_RETURN_TYPE = YES_ERROR;
				GCC_WARN_UNDECLARED_SELECTOR = YES;
				GCC_WARN_UNINITIALIZED_AUTOS = YES_AGGRESSIVE;
				GCC_WARN_UNUSED_FUNCTION = YES;
				GCC_WARN_UNUSED_VARIABLE = YES;
				IPHONEOS_DEPLOYMENT_TARGET = 11.2;
				MTL_ENABLE_DEBUG_INFO = YES;
				ONLY_ACTIVE_ARCH = YES;
				SDKROOT = iphoneos;
				SWIFT_ACTIVE_COMPILATION_CONDITIONS = DEBUG;
				SWIFT_OPTIMIZATION_LEVEL = "-Onone";
			};
			name = Debug;
		};
		6E6239241FDD35C5008834EC /* Release */ = {
			isa = XCBuildConfiguration;
			buildSettings = {
				ALWAYS_SEARCH_USER_PATHS = NO;
				CLANG_ANALYZER_NONNULL = YES;
				CLANG_ANALYZER_NUMBER_OBJECT_CONVERSION = YES_AGGRESSIVE;
				CLANG_CXX_LANGUAGE_STANDARD = "gnu++14";
				CLANG_CXX_LIBRARY = "libc++";
				CLANG_ENABLE_MODULES = YES;
				CLANG_ENABLE_OBJC_ARC = YES;
				CLANG_WARN_BLOCK_CAPTURE_AUTORELEASING = YES;
				CLANG_WARN_BOOL_CONVERSION = YES;
				CLANG_WARN_COMMA = YES;
				CLANG_WARN_CONSTANT_CONVERSION = YES;
				CLANG_WARN_DEPRECATED_OBJC_IMPLEMENTATIONS = YES;
				CLANG_WARN_DIRECT_OBJC_ISA_USAGE = YES_ERROR;
				CLANG_WARN_DOCUMENTATION_COMMENTS = YES;
				CLANG_WARN_EMPTY_BODY = YES;
				CLANG_WARN_ENUM_CONVERSION = YES;
				CLANG_WARN_INFINITE_RECURSION = YES;
				CLANG_WARN_INT_CONVERSION = YES;
				CLANG_WARN_NON_LITERAL_NULL_CONVERSION = YES;
				CLANG_WARN_OBJC_IMPLICIT_RETAIN_SELF = YES;
				CLANG_WARN_OBJC_LITERAL_CONVERSION = YES;
				CLANG_WARN_OBJC_ROOT_CLASS = YES_ERROR;
				CLANG_WARN_RANGE_LOOP_ANALYSIS = YES;
				CLANG_WARN_STRICT_PROTOTYPES = YES;
				CLANG_WARN_SUSPICIOUS_MOVE = YES;
				CLANG_WARN_UNGUARDED_AVAILABILITY = YES_AGGRESSIVE;
				CLANG_WARN_UNREACHABLE_CODE = YES;
				CLANG_WARN__DUPLICATE_METHOD_MATCH = YES;
				CODE_SIGN_IDENTITY = "iPhone Developer";
				COPY_PHASE_STRIP = NO;
				DEBUG_INFORMATION_FORMAT = "dwarf-with-dsym";
				ENABLE_NS_ASSERTIONS = NO;
				ENABLE_STRICT_OBJC_MSGSEND = YES;
				GCC_C_LANGUAGE_STANDARD = gnu11;
				GCC_NO_COMMON_BLOCKS = YES;
				GCC_WARN_64_TO_32_BIT_CONVERSION = YES;
				GCC_WARN_ABOUT_RETURN_TYPE = YES_ERROR;
				GCC_WARN_UNDECLARED_SELECTOR = YES;
				GCC_WARN_UNINITIALIZED_AUTOS = YES_AGGRESSIVE;
				GCC_WARN_UNUSED_FUNCTION = YES;
				GCC_WARN_UNUSED_VARIABLE = YES;
				IPHONEOS_DEPLOYMENT_TARGET = 11.2;
				MTL_ENABLE_DEBUG_INFO = NO;
				SDKROOT = iphoneos;
				SWIFT_COMPILATION_MODE = wholemodule;
				SWIFT_OPTIMIZATION_LEVEL = "-O";
				VALIDATE_PRODUCT = YES;
			};
			name = Release;
		};
		6E6239261FDD35C5008834EC /* Debug */ = {
			isa = XCBuildConfiguration;
			buildSettings = {
				ASSETCATALOG_COMPILER_APPICON_NAME = AppIcon;
				CODE_SIGN_STYLE = Automatic;
				INFOPLIST_FILE = "按钮的状态/Info.plist";
				LD_RUNPATH_SEARCH_PATHS = (
					"$(inherited)",
					"@executable_path/Frameworks",
				);
				PRODUCT_BUNDLE_IDENTIFIER = "ManCity.-----";
				PRODUCT_NAME = "$(TARGET_NAME)";
				SWIFT_VERSION = 5.0;
				TARGETED_DEVICE_FAMILY = "1,2";
			};
			name = Debug;
		};
		6E6239271FDD35C5008834EC /* Release */ = {
			isa = XCBuildConfiguration;
			buildSettings = {
				ASSETCATALOG_COMPILER_APPICON_NAME = AppIcon;
				CODE_SIGN_STYLE = Automatic;
				INFOPLIST_FILE = "按钮的状态/Info.plist";
				LD_RUNPATH_SEARCH_PATHS = (
					"$(inherited)",
					"@executable_path/Frameworks",
				);
				PRODUCT_BUNDLE_IDENTIFIER = "ManCity.-----";
				PRODUCT_NAME = "$(TARGET_NAME)";
				SWIFT_VERSION = 5.0;
				TARGETED_DEVICE_FAMILY = "1,2";
			};
			name = Release;
		};
/* End XCBuildConfiguration section */

/* Begin XCConfigurationList section */
		63B1FF872252673400FB382F /* Build configuration list for PBXNativeTarget "demo" */ = {
			isa = XCConfigurationList;
			buildConfigurations = (
				63B1FF882252673400FB382F /* Debug */,
				63B1FF892252673400FB382F /* Release */,
			);
			defaultConfigurationIsVisible = 0;
			defaultConfigurationName = Release;
		};
		63D30EB12275A60E00DCE9C4 /* Build configuration list for PBXNativeTarget "取钱" */ = {
			isa = XCConfigurationList;
			buildConfigurations = (
				63D30EAF2275A60E00DCE9C4 /* Debug */,
				63D30EB02275A60E00DCE9C4 /* Release */,
			);
			defaultConfigurationIsVisible = 0;
			defaultConfigurationName = Release;
		};
		6E62390E1FDD35C5008834EC /* Build configuration list for PBXProject "按钮的状态" */ = {
			isa = XCConfigurationList;
			buildConfigurations = (
				6E6239231FDD35C5008834EC /* Debug */,
				6E6239241FDD35C5008834EC /* Release */,
			);
			defaultConfigurationIsVisible = 0;
			defaultConfigurationName = Release;
		};
		6E6239251FDD35C5008834EC /* Build configuration list for PBXNativeTarget "按钮的状态" */ = {
			isa = XCConfigurationList;
			buildConfigurations = (
				6E6239261FDD35C5008834EC /* Debug */,
				6E6239271FDD35C5008834EC /* Release */,
			);
			defaultConfigurationIsVisible = 0;
			defaultConfigurationName = Release;
		};
/* End XCConfigurationList section */
	};
	rootObject = 6E62390B1FDD35C5008834EC /* Project object */;
}
