// !$*UTF8*$!
{
	archiveVersion = 1;
	classes = {
	};
	objectVersion = 48;
	objects = {

/* Begin PBXBuildFile section */
		6EF9D2AF1FDA828400DE443F /* AppDelegate.swift in Sources */ = {isa = PBXBuildFile; fileRef = 6EF9D2AE1FDA828400DE443F /* AppDelegate.swift */; };
		6EF9D2B11FDA828400DE443F /* ViewController.swift in Sources */ = {isa = PBXBuildFile; fileRef = 6EF9D2B01FDA828400DE443F /* ViewController.swift */; };
		6EF9D2B41FDA828400DE443F /* Main.storyboard in Resources */ = {isa = PBXBuildFile; fileRef = 6EF9D2B21FDA828400DE443F /* Main.storyboard */; };
		6EF9D2B61FDA828400DE443F /* Assets.xcassets in Resources */ = {isa = PBXBuildFile; fileRef = 6EF9D2B51FDA828400DE443F /* Assets.xcassets */; };
		6EF9D2B91FDA828400DE443F /* LaunchScreen.storyboard in Resources */ = {isa = PBXBuildFile; fileRef = 6EF9D2B71FDA828400DE443F /* LaunchScreen.storyboard */; };
/* End PBXBuildFile section */

/* Begin PBXFileReference section */
		6EF9D2AB1FDA828400DE443F /* 字符串的字串.app */ = {isa = PBXFileReference; explicitFileType = wrapper.application; includeInIndex = 0; path = "字符串的字串.app"; sourceTree = BUILT_PRODUCTS_DIR; };
		6EF9D2AE1FDA828400DE443F /* AppDelegate.swift */ = {isa = PBXFileReference; lastKnownFileType = sourcecode.swift; path = AppDelegate.swift; sourceTree = "<group>"; };
		6EF9D2B01FDA828400DE443F /* ViewController.swift */ = {isa = PBXFileReference; lastKnownFileType = sourcecode.swift; path = ViewController.swift; sourceTree = "<group>"; };
		6EF9D2B31FDA828400DE443F /* Base */ = {isa = PBXFileReference; lastKnownFileType = file.storyboard; name = Base; path = Base.lproj/Main.storyboard; sourceTree = "<group>"; };
		6EF9D2B51FDA828400DE443F /* Assets.xcassets */ = {isa = PBXFileReference; lastKnownFileType = folder.assetcatalog; path = Assets.xcassets; sourceTree = "<group>"; };
		6EF9D2B81FDA828400DE443F /* Base */ = {isa = PBXFileReference; lastKnownFileType = file.storyboard; name = Base; path = Base.lproj/LaunchScreen.storyboard; sourceTree = "<group>"; };
		6EF9D2BA1FDA828400DE443F /* Info.plist */ = {isa = PBXFileReference; lastKnownFileType = text.plist.xml; path = Info.plist; sourceTree = "<group>"; };
/* End PBXFileReference section */

/* Begin PBXFrameworksBuildPhase section */
		6EF9D2A81FDA828400DE443F /* Frameworks */ = {
			isa = PBXFrameworksBuildPhase;
			buildActionMask = 2147483647;
			files = (
			);
			runOnlyForDeploymentPostprocessing = 0;
		};
/* End PBXFrameworksBuildPhase section */

/* Begin PBXGroup section */
		6EF9D2A21FDA828400DE443F = {
			isa = PBXGroup;
			children = (
				6EF9D2AD1FDA828400DE443F /* 字符串的字串 */,
				6EF9D2AC1FDA828400DE443F /* Products */,
			);
			sourceTree = "<group>";
		};
		6EF9D2AC1FDA828400DE443F /* Products */ = {
			isa = PBXGroup;
			children = (
				6EF9D2AB1FDA828400DE443F /* 字符串的字串.app */,
			);
			name = Products;
			sourceTree = "<group>";
		};
		6EF9D2AD1FDA828400DE443F /* 字符串的字串 */ = {
			isa = PBXGroup;
			children = (
				6EF9D2AE1FDA828400DE443F /* AppDelegate.swift */,
				6EF9D2B01FDA828400DE443F /* ViewController.swift */,
				6EF9D2B21FDA828400DE443F /* Main.storyboard */,
				6EF9D2B51FDA828400DE443F /* Assets.xcassets */,
				6EF9D2B71FDA828400DE443F /* LaunchScreen.storyboard */,
				6EF9D2BA1FDA828400DE443F /* Info.plist */,
			);
			path = "字符串的字串";
			sourceTree = "<group>";
		};
/* End PBXGroup section */

/* Begin PBXNativeTarget section */
		6EF9D2AA1FDA828400DE443F /* 字符串的字串 */ = {
			isa = PBXNativeTarget;
			buildConfigurationList = 6EF9D2BD1FDA828400DE443F /* Build configuration list for PBXNativeTarget "字符串的字串" */;
			buildPhases = (
				6EF9D2A71FDA828400DE443F /* Sources */,
				6EF9D2A81FDA828400DE443F /* Frameworks */,
				6EF9D2A91FDA828400DE443F /* Resources */,
			);
			buildRules = (
			);
			dependencies = (
			);
			name = "字符串的字串";
			productName = "字符串的字串";
			productReference = 6EF9D2AB1FDA828400DE443F /* 字符串的字串.app */;
			productType = "com.apple.product-type.application";
		};
/* End PBXNativeTarget section */

/* Begin PBXProject section */
		6EF9D2A31FDA828400DE443F /* Project object */ = {
			isa = PBXProject;
			attributes = {
				LastSwiftUpdateCheck = 0920;
				LastUpgradeCheck = 0920;
				ORGANIZATIONNAME = jyz;
				TargetAttributes = {
					6EF9D2AA1FDA828400DE443F = {
						CreatedOnToolsVersion = 9.2;
						LastSwiftMigration = 0920;
						ProvisioningStyle = Automatic;
					};
				};
			};
			buildConfigurationList = 6EF9D2A61FDA828400DE443F /* Build configuration list for PBXProject "字符串的字串" */;
			compatibilityVersion = "Xcode 8.0";
			developmentRegion = en;
			hasScannedForEncodings = 0;
			knownRegions = (
				en,
				Base,
			);
			mainGroup = 6EF9D2A21FDA828400DE443F;
			productRefGroup = 6EF9D2AC1FDA828400DE443F /* Products */;
			projectDirPath = "";
			projectRoot = "";
			targets = (
				6EF9D2AA1FDA828400DE443F /* 字符串的字串 */,
			);
		};
/* End PBXProject section */

/* Begin PBXResourcesBuildPhase section */
		6EF9D2A91FDA828400DE443F /* Resources */ = {
			isa = PBXResourcesBuildPhase;
			buildActionMask = 2147483647;
			files = (
				6EF9D2B91FDA828400DE443F /* LaunchScreen.storyboard in Resources */,
				6EF9D2B61FDA828400DE443F /* Assets.xcassets in Resources */,
				6EF9D2B41FDA828400DE443F /* Main.storyboard in Resources */,
			);
			runOnlyForDeploymentPostprocessing = 0;
		};
/* End PBXResourcesBuildPhase section */

/* Begin PBXSourcesBuildPhase section */
		6EF9D2A71FDA828400DE443F /* Sources */ = {
			isa = PBXSourcesBuildPhase;
			buildActionMask = 2147483647;
			files = (
				6EF9D2B11FDA828400DE443F /* ViewController.swift in Sources */,
				6EF9D2AF1FDA828400DE443F /* AppDelegate.swift in Sources */,
			);
			runOnlyForDeploymentPostprocessing = 0;
		};
/* End PBXSourcesBuildPhase section */

/* Begin PBXVariantGroup section */
		6EF9D2B21FDA828400DE443F /* Main.storyboard */ = {
			isa = PBXVariantGroup;
			children = (
				6EF9D2B31FDA828400DE443F /* Base */,
			);
			name = Main.storyboard;
			sourceTree = "<group>";
		};
		6EF9D2B71FDA828400DE443F /* LaunchScreen.storyboard */ = {
			isa = PBXVariantGroup;
			children = (
				6EF9D2B81FDA828400DE443F /* Base */,
			);
			name = LaunchScreen.storyboard;
			sourceTree = "<group>";
		};
/* End PBXVariantGroup section */

/* Begin XCBuildConfiguration section */
		6EF9D2BB1FDA828400DE443F /* Debug */ = {
			isa = XCBuildConfiguration;
			buildSettings = {
				ALWAYS_SEARCH_USER_PATHS = NO;
				CLANG_ANALYZER_NONNULL = YES;
				CLANG_ANALYZER_NUMBER_OBJECT_CONVERSION = YES_AGGRESSIVE;
				CLANG_CXX_LANGUAGE_STANDARD = "gnu++14";
				CLANG_CXX_LIBRARY = "libc++";
				CLANG_ENABLE_MODULES = YES;
				CLANG_ENABLE_OBJC_ARC = YES;
				CLANG_WARN_BLOCK_CAPTURE_AUTORELEASING = YES;
				CLANG_WARN_BOOL_CONVERSION = YES;
				CLANG_WARN_COMMA = YES;
				CLANG_WARN_CONSTANT_CONVERSION = YES;
				CLANG_WARN_DIRECT_OBJC_ISA_USAGE = YES_ERROR;
				CLANG_WARN_DOCUMENTATION_COMMENTS = YES;
				CLANG_WARN_EMPTY_BODY = YES;
				CLANG_WARN_ENUM_CONVERSION = YES;
				CLANG_WARN_INFINITE_RECURSION = YES;
				CLANG_WARN_INT_CONVERSION = YES;
				CLANG_WARN_NON_LITERAL_NULL_CONVERSION = YES;
				CLANG_WARN_OBJC_LITERAL_CONVERSION = YES;
				CLANG_WARN_OBJC_ROOT_CLASS = YES_ERROR;
				CLANG_WARN_RANGE_LOOP_ANALYSIS = YES;
				CLANG_WARN_STRICT_PROTOTYPES = YES;
				CLANG_WARN_SUSPICIOUS_MOVE = YES;
				CLANG_WARN_UNGUARDED_AVAILABILITY = YES_AGGRESSIVE;
				CLANG_WARN_UNREACHABLE_CODE = YES;
				CLANG_WARN__DUPLICATE_METHOD_MATCH = YES;
				CODE_SIGN_IDENTITY = "iPhone Developer";
				COPY_PHASE_STRIP = NO;
				DEBUG_INFORMATION_FORMAT = dwarf;
				ENABLE_STRICT_OBJC_MSGSEND = YES;
				ENABLE_TESTABILITY = YES;
				GCC_C_LANGUAGE_STANDARD = gnu11;
				GCC_DYNAMIC_NO_PIC = NO;
				GCC_NO_COMMON_BLOCKS = YES;
				GCC_OPTIMIZATION_LEVEL = 0;
				GCC_PREPROCESSOR_DEFINITIONS = (
					"DEBUG=1",
					"$(inherited)",
				);
				GCC_WARN_64_TO_32_BIT_CONVERSION = YES;
				GCC_WARN_ABOUT_RETURN_TYPE = YES_ERROR;
				GCC_WARN_UNDECLARED_SELECTOR = YES;
				GCC_WARN_UNINITIALIZED_AUTOS = YES_AGGRESSIVE;
				GCC_WARN_UNUSED_FUNCTION = YES;
				GCC_WARN_UNUSED_VARIABLE = YES;
				IPHONEOS_DEPLOYMENT_TARGET = 11.2;
				MTL_ENABLE_DEBUG_INFO = YES;
				ONLY_ACTIVE_ARCH = YES;
				SDKROOT = iphoneos;
				SWIFT_ACTIVE_COMPILATION_CONDITIONS = DEBUG;
				SWIFT_OPTIMIZATION_LEVEL = "-Onone";
			};
			name = Debug;
		};
		6EF9D2BC1FDA828400DE443F /* Release */ = {
			isa = XCBuildConfiguration;
			buildSettings = {
				ALWAYS_SEARCH_USER_PATHS = NO;
				CLANG_ANALYZER_NONNULL = YES;
				CLANG_ANALYZER_NUMBER_OBJECT_CONVERSION = YES_AGGRESSIVE;
				CLANG_CXX_LANGUAGE_STANDARD = "gnu++14";
				CLANG_CXX_LIBRARY = "libc++";
				CLANG_ENABLE_MODULES = YES;
				CLANG_ENABLE_OBJC_ARC = YES;
				CLANG_WARN_BLOCK_CAPTURE_AUTORELEASING = YES;
				CLANG_WARN_BOOL_CONVERSION = YES;
				CLANG_WARN_COMMA = YES;
				CLANG_WARN_CONSTANT_CONVERSION = YES;
				CLANG_WARN_DIRECT_OBJC_ISA_USAGE = YES_ERROR;
				CLANG_WARN_DOCUMENTATION_COMMENTS = YES;
				CLANG_WARN_EMPTY_BODY = YES;
				CLANG_WARN_ENUM_CONVERSION = YES;
				CLANG_WARN_INFINITE_RECURSION = YES;
				CLANG_WARN_INT_CONVERSION = YES;
				CLANG_WARN_NON_LITERAL_NULL_CONVERSION = YES;
				CLANG_WARN_OBJC_LITERAL_CONVERSION = YES;
				CLANG_WARN_OBJC_ROOT_CLASS = YES_ERROR;
				CLANG_WARN_RANGE_LOOP_ANALYSIS = YES;
				CLANG_WARN_STRICT_PROTOTYPES = YES;
				CLANG_WARN_SUSPICIOUS_MOVE = YES;
				CLANG_WARN_UNGUARDED_AVAILABILITY = YES_AGGRESSIVE;
				CLANG_WARN_UNREACHABLE_CODE = YES;
				CLANG_WARN__DUPLICATE_METHOD_MATCH = YES;
				CODE_SIGN_IDENTITY = "iPhone Developer";
				COPY_PHASE_STRIP = NO;
				DEBUG_INFORMATION_FORMAT = "dwarf-with-dsym";
				ENABLE_NS_ASSERTIONS = NO;
				ENABLE_STRICT_OBJC_MSGSEND = YES;
				GCC_C_LANGUAGE_STANDARD = gnu11;
				GCC_NO_COMMON_BLOCKS = YES;
				GCC_WARN_64_TO_32_BIT_CONVERSION = YES;
				GCC_WARN_ABOUT_RETURN_TYPE = YES_ERROR;
				GCC_WARN_UNDECLARED_SELECTOR = YES;
				GCC_WARN_UNINITIALIZED_AUTOS = YES_AGGRESSIVE;
				GCC_WARN_UNUSED_FUNCTION = YES;
				GCC_WARN_UNUSED_VARIABLE = YES;
				IPHONEOS_DEPLOYMENT_TARGET = 11.2;
				MTL_ENABLE_DEBUG_INFO = NO;
				SDKROOT = iphoneos;
				SWIFT_OPTIMIZATION_LEVEL = "-Owholemodule";
				VALIDATE_PRODUCT = YES;
			};
			name = Release;
		};
		6EF9D2BE1FDA828400DE443F /* Debug */ = {
			isa = XCBuildConfiguration;
			buildSettings = {
				ASSETCATALOG_COMPILER_APPICON_NAME = AppIcon;
				CODE_SIGN_STYLE = Automatic;
				INFOPLIST_FILE = "字符串的字串/Info.plist";
				LD_RUNPATH_SEARCH_PATHS = "$(inherited) @executable_path/Frameworks";
				PRODUCT_BUNDLE_IDENTIFIER = "ManCity.------";
				PRODUCT_NAME = "$(TARGET_NAME)";
				SWIFT_SWIFT3_OBJC_INFERENCE = On;
				SWIFT_VERSION = 4.0;
				TARGETED_DEVICE_FAMILY = 1;
			};
			name = Debug;
		};
		6EF9D2BF1FDA828400DE443F /* Release */ = {
			isa = XCBuildConfiguration;
			buildSettings = {
				ASSETCATALOG_COMPILER_APPICON_NAME = AppIcon;
				CODE_SIGN_STYLE = Automatic;
				INFOPLIST_FILE = "字符串的字串/Info.plist";
				LD_RUNPATH_SEARCH_PATHS = "$(inherited) @executable_path/Frameworks";
				PRODUCT_BUNDLE_IDENTIFIER = "ManCity.------";
				PRODUCT_NAME = "$(TARGET_NAME)";
				SWIFT_SWIFT3_OBJC_INFERENCE = On;
				SWIFT_VERSION = 4.0;
				TARGETED_DEVICE_FAMILY = 1;
			};
			name = Release;
		};
/* End XCBuildConfiguration section */

/* Begin XCConfigurationList section */
		6EF9D2A61FDA828400DE443F /* Build configuration list for PBXProject "字符串的字串" */ = {
			isa = XCConfigurationList;
			buildConfigurations = (
				6EF9D2BB1FDA828400DE443F /* Debug */,
				6EF9D2BC1FDA828400DE443F /* Release */,
			);
			defaultConfigurationIsVisible = 0;
			defaultConfigurationName = Release;
		};
		6EF9D2BD1FDA828400DE443F /* Build configuration list for PBXNativeTarget "字符串的字串" */ = {
			isa = XCConfigurationList;
			buildConfigurations = (
				6EF9D2BE1FDA828400DE443F /* Debug */,
				6EF9D2BF1FDA828400DE443F /* Release */,
			);
			defaultConfigurationIsVisible = 0;
			defaultConfigurationName = Release;
		};
/* End XCConfigurationList section */
	};
	rootObject = 6EF9D2A31FDA828400DE443F /* Project object */;
}
